// !$*UTF8*$!
{
	archiveVersion = 1;
	classes = {
	};
	objectVersion = 55;
	objects = {

/* Begin PBXBuildFile section */
		756FA757273CF46200FA7A60 /* ImageDownsamplingExampleApp.swift in Sources */ = {isa = PBXBuildFile; fileRef = 756FA756273CF46200FA7A60 /* ImageDownsamplingExampleApp.swift */; };
		756FA759273CF46200FA7A60 /* ContentView.swift in Sources */ = {isa = PBXBuildFile; fileRef = 756FA758273CF46200FA7A60 /* ContentView.swift */; };
		756FA75B273CF46500FA7A60 /* Assets.xcassets in Resources */ = {isa = PBXBuildFile; fileRef = 756FA75A273CF46500FA7A60 /* Assets.xcassets */; };
		756FA75E273CF46500FA7A60 /* Preview Assets.xcassets in Resources */ = {isa = PBXBuildFile; fileRef = 756FA75D273CF46500FA7A60 /* Preview Assets.xcassets */; };
		756FA768273CF46500FA7A60 /* ImageDownsamplingExampleTests.swift in Sources */ = {isa = PBXBuildFile; fileRef = 756FA767273CF46500FA7A60 /* ImageDownsamplingExampleTests.swift */; };
		756FA772273CF46500FA7A60 /* ImageDownsamplingExampleUITests.swift in Sources */ = {isa = PBXBuildFile; fileRef = 756FA771273CF46500FA7A60 /* ImageDownsamplingExampleUITests.swift */; };
		756FA774273CF46500FA7A60 /* ImageDownsamplingExampleUITestsLaunchTests.swift in Sources */ = {isa = PBXBuildFile; fileRef = 756FA773273CF46500FA7A60 /* ImageDownsamplingExampleUITestsLaunchTests.swift */; };
		756FA781273CF48500FA7A60 /* owl-in-a-minimalistic-forest-2560*1440.jpg in Resources */ = {isa = PBXBuildFile; fileRef = 756FA780273CF48500FA7A60 /* owl-in-a-minimalistic-forest-2560*1440.jpg */; };
/* End PBXBuildFile section */

/* Begin PBXContainerItemProxy section */
		756FA764273CF46500FA7A60 /* PBXContainerItemProxy */ = {
			isa = PBXContainerItemProxy;
			containerPortal = 756FA74B273CF46200FA7A60 /* Project object */;
			proxyType = 1;
			remoteGlobalIDString = 756FA752273CF46200FA7A60;
			remoteInfo = ImageDownsamplingExample;
		};
		756FA76E273CF46500FA7A60 /* PBXContainerItemProxy */ = {
			isa = PBXContainerItemProxy;
			containerPortal = 756FA74B273CF46200FA7A60 /* Project object */;
			proxyType = 1;
			remoteGlobalIDString = 756FA752273CF46200FA7A60;
			remoteInfo = ImageDownsamplingExample;
		};
/* End PBXContainerItemProxy section */

/* Begin PBXFileReference section */
		756FA753273CF46200FA7A60 /* ImageDownsamplingExample.app */ = {isa = PBXFileReference; explicitFileType = wrapper.application; includeInIndex = 0; path = ImageDownsamplingExample.app; sourceTree = BUILT_PRODUCTS_DIR; };
		756FA756273CF46200FA7A60 /* ImageDownsamplingExampleApp.swift */ = {isa = PBXFileReference; lastKnownFileType = sourcecode.swift; path = ImageDownsamplingExampleApp.swift; sourceTree = "<group>"; };
		756FA758273CF46200FA7A60 /* ContentView.swift */ = {isa = PBXFileReference; lastKnownFileType = sourcecode.swift; path = ContentView.swift; sourceTree = "<group>"; };
		756FA75A273CF46500FA7A60 /* Assets.xcassets */ = {isa = PBXFileReference; lastKnownFileType = folder.assetcatalog; path = Assets.xcassets; sourceTree = "<group>"; };
		756FA75D273CF46500FA7A60 /* Preview Assets.xcassets */ = {isa = PBXFileReference; lastKnownFileType = folder.assetcatalog; path = "Preview Assets.xcassets"; sourceTree = "<group>"; };
		756FA763273CF46500FA7A60 /* ImageDownsamplingExampleTests.xctest */ = {isa = PBXFileReference; explicitFileType = wrapper.cfbundle; includeInIndex = 0; path = ImageDownsamplingExampleTests.xctest; sourceTree = BUILT_PRODUCTS_DIR; };
		756FA767273CF46500FA7A60 /* ImageDownsamplingExampleTests.swift */ = {isa = PBXFileReference; lastKnownFileType = sourcecode.swift; path = ImageDownsamplingExampleTests.swift; sourceTree = "<group>"; };
		756FA76D273CF46500FA7A60 /* ImageDownsamplingExampleUITests.xctest */ = {isa = PBXFileReference; explicitFileType = wrapper.cfbundle; includeInIndex = 0; path = ImageDownsamplingExampleUITests.xctest; sourceTree = BUILT_PRODUCTS_DIR; };
		756FA771273CF46500FA7A60 /* ImageDownsamplingExampleUITests.swift */ = {isa = PBXFileReference; lastKnownFileType = sourcecode.swift; path = ImageDownsamplingExampleUITests.swift; sourceTree = "<group>"; };
		756FA773273CF46500FA7A60 /* ImageDownsamplingExampleUITestsLaunchTests.swift */ = {isa = PBXFileReference; lastKnownFileType = sourcecode.swift; path = ImageDownsamplingExampleUITestsLaunchTests.swift; sourceTree = "<group>"; };
		756FA780273CF48500FA7A60 /* owl-in-a-minimalistic-forest-2560*1440.jpg */ = {isa = PBXFileReference; lastKnownFileType = image.jpeg; path = "owl-in-a-minimalistic-forest-2560*1440.jpg"; sourceTree = "<group>"; };
/* End PBXFileReference section */

/* Begin PBXFrameworksBuildPhase section */
		756FA750273CF46200FA7A60 /* Frameworks */ = {
			isa = PBXFrameworksBuildPhase;
			buildActionMask = 2147483647;
			files = (
			);
			runOnlyForDeploymentPostprocessing = 0;
		};
		756FA760273CF46500FA7A60 /* Frameworks */ = {
			isa = PBXFrameworksBuildPhase;
			buildActionMask = 2147483647;
			files = (
			);
			runOnlyForDeploymentPostprocessing = 0;
		};
		756FA76A273CF46500FA7A60 /* Frameworks */ = {
			isa = PBXFrameworksBuildPhase;
			buildActionMask = 2147483647;
			files = (
			);
			runOnlyForDeploymentPostprocessing = 0;
		};
/* End PBXFrameworksBuildPhase section */

/* Begin PBXGroup section */
		756FA74A273CF46200FA7A60 = {
			isa = PBXGroup;
			children = (
				756FA755273CF46200FA7A60 /* ImageDownsamplingExample */,
				756FA766273CF46500FA7A60 /* ImageDownsamplingExampleTests */,
				756FA770273CF46500FA7A60 /* ImageDownsamplingExampleUITests */,
				756FA754273CF46200FA7A60 /* Products */,
			);
			sourceTree = "<group>";
		};
		756FA754273CF46200FA7A60 /* Products */ = {
			isa = PBXGroup;
			children = (
				756FA753273CF46200FA7A60 /* ImageDownsamplingExample.app */,
				756FA763273CF46500FA7A60 /* ImageDownsamplingExampleTests.xctest */,
				756FA76D273CF46500FA7A60 /* ImageDownsamplingExampleUITests.xctest */,
			);
			name = Products;
			sourceTree = "<group>";
		};
		756FA755273CF46200FA7A60 /* ImageDownsamplingExample */ = {
			isa = PBXGroup;
			children = (
				756FA780273CF48500FA7A60 /* owl-in-a-minimalistic-forest-2560*1440.jpg */,
				756FA756273CF46200FA7A60 /* ImageDownsamplingExampleApp.swift */,
				756FA758273CF46200FA7A60 /* ContentView.swift */,
				756FA75A273CF46500FA7A60 /* Assets.xcassets */,
				756FA75C273CF46500FA7A60 /* Preview Content */,
			);
			path = ImageDownsamplingExample;
			sourceTree = "<group>";
		};
		756FA75C273CF46500FA7A60 /* Preview Content */ = {
			isa = PBXGroup;
			children = (
				756FA75D273CF46500FA7A60 /* Preview Assets.xcassets */,
			);
			path = "Preview Content";
			sourceTree = "<group>";
		};
		756FA766273CF46500FA7A60 /* ImageDownsamplingExampleTests */ = {
			isa = PBXGroup;
			children = (
				756FA767273CF46500FA7A60 /* ImageDownsamplingExampleTests.swift */,
			);
			path = ImageDownsamplingExampleTests;
			sourceTree = "<group>";
		};
		756FA770273CF46500FA7A60 /* ImageDownsamplingExampleUITests */ = {
			isa = PBXGroup;
			children = (
				756FA771273CF46500FA7A60 /* ImageDownsamplingExampleUITests.swift */,
				756FA773273CF46500FA7A60 /* ImageDownsamplingExampleUITestsLaunchTests.swift */,
			);
			path = ImageDownsamplingExampleUITests;
			sourceTree = "<group>";
		};
/* End PBXGroup section */

/* Begin PBXNativeTarget section */
		756FA752273CF46200FA7A60 /* ImageDownsamplingExample */ = {
			isa = PBXNativeTarget;
			buildConfigurationList = 756FA777273CF46500FA7A60 /* Build configuration list for PBXNativeTarget "ImageDownsamplingExample" */;
			buildPhases = (
				756FA74F273CF46200FA7A60 /* Sources */,
				756FA750273CF46200FA7A60 /* Frameworks */,
				756FA751273CF46200FA7A60 /* Resources */,
			);
			buildRules = (
			);
			dependencies = (
			);
			name = ImageDownsamplingExample;
			productName = ImageDownsamplingExample;
			productReference = 756FA753273CF46200FA7A60 /* ImageDownsamplingExample.app */;
			productType = "com.apple.product-type.application";
		};
		756FA762273CF46500FA7A60 /* ImageDownsamplingExampleTests */ = {
			isa = PBXNativeTarget;
			buildConfigurationList = 756FA77A273CF46500FA7A60 /* Build configuration list for PBXNativeTarget "ImageDownsamplingExampleTests" */;
			buildPhases = (
				756FA75F273CF46500FA7A60 /* Sources */,
				756FA760273CF46500FA7A60 /* Frameworks */,
				756FA761273CF46500FA7A60 /* Resources */,
			);
			buildRules = (
			);
			dependencies = (
				756FA765273CF46500FA7A60 /* PBXTargetDependency */,
			);
			name = ImageDownsamplingExampleTests;
			productName = ImageDownsamplingExampleTests;
			productReference = 756FA763273CF46500FA7A60 /* ImageDownsamplingExampleTests.xctest */;
			productType = "com.apple.product-type.bundle.unit-test";
		};
		756FA76C273CF46500FA7A60 /* ImageDownsamplingExampleUITests */ = {
			isa = PBXNativeTarget;
			buildConfigurationList = 756FA77D273CF46500FA7A60 /* Build configuration list for PBXNativeTarget "ImageDownsamplingExampleUITests" */;
			buildPhases = (
				756FA769273CF46500FA7A60 /* Sources */,
				756FA76A273CF46500FA7A60 /* Frameworks */,
				756FA76B273CF46500FA7A60 /* Resources */,
			);
			buildRules = (
			);
			dependencies = (
				756FA76F273CF46500FA7A60 /* PBXTargetDependency */,
			);
			name = ImageDownsamplingExampleUITests;
			productName = ImageDownsamplingExampleUITests;
			productReference = 756FA76D273CF46500FA7A60 /* ImageDownsamplingExampleUITests.xctest */;
			productType = "com.apple.product-type.bundle.ui-testing";
		};
/* End PBXNativeTarget section */

/* Begin PBXProject section */
		756FA74B273CF46200FA7A60 /* Project object */ = {
			isa = PBXProject;
			attributes = {
				BuildIndependentTargetsInParallel = 1;
				LastSwiftUpdateCheck = 1310;
				LastUpgradeCheck = 1310;
				TargetAttributes = {
					756FA752273CF46200FA7A60 = {
						CreatedOnToolsVersion = 13.1;
					};
					756FA762273CF46500FA7A60 = {
						CreatedOnToolsVersion = 13.1;
						TestTargetID = 756FA752273CF46200FA7A60;
					};
					756FA76C273CF46500FA7A60 = {
						CreatedOnToolsVersion = 13.1;
						TestTargetID = 756FA752273CF46200FA7A60;
					};
				};
			};
			buildConfigurationList = 756FA74E273CF46200FA7A60 /* Build configuration list for PBXProject "ImageDownsamplingExample" */;
			compatibilityVersion = "Xcode 13.0";
			developmentRegion = en;
			hasScannedForEncodings = 0;
			knownRegions = (
				en,
				Base,
			);
			mainGroup = 756FA74A273CF46200FA7A60;
			productRefGroup = 756FA754273CF46200FA7A60 /* Products */;
			projectDirPath = "";
			projectRoot = "";
			targets = (
				756FA752273CF46200FA7A60 /* ImageDownsamplingExample */,
				756FA762273CF46500FA7A60 /* ImageDownsamplingExampleTests */,
				756FA76C273CF46500FA7A60 /* ImageDownsamplingExampleUITests */,
			);
		};
/* End PBXProject section */

/* Begin PBXResourcesBuildPhase section */
		756FA751273CF46200FA7A60 /* Resources */ = {
			isa = PBXResourcesBuildPhase;
			buildActionMask = 2147483647;
			files = (
				756FA75E273CF46500FA7A60 /* Preview Assets.xcassets in Resources */,
				756FA75B273CF46500FA7A60 /* Assets.xcassets in Resources */,
				756FA781273CF48500FA7A60 /* owl-in-a-minimalistic-forest-2560*1440.jpg in Resources */,
			);
			runOnlyForDeploymentPostprocessing = 0;
		};
		756FA761273CF46500FA7A60 /* Resources */ = {
			isa = PBXResourcesBuildPhase;
			buildActionMask = 2147483647;
			files = (
			);
			runOnlyForDeploymentPostprocessing = 0;
		};
		756FA76B273CF46500FA7A60 /* Resources */ = {
			isa = PBXResourcesBuildPhase;
			buildActionMask = 2147483647;
			files = (
			);
			runOnlyForDeploymentPostprocessing = 0;
		};
/* End PBXResourcesBuildPhase section */

/* Begin PBXSourcesBuildPhase section */
		756FA74F273CF46200FA7A60 /* Sources */ = {
			isa = PBXSourcesBuildPhase;
			buildActionMask = 2147483647;
			files = (
				756FA759273CF46200FA7A60 /* ContentView.swift in Sources */,
				756FA757273CF46200FA7A60 /* ImageDownsamplingExampleApp.swift in Sources */,
			);
			runOnlyForDeploymentPostprocessing = 0;
		};
		756FA75F273CF46500FA7A60 /* Sources */ = {
			isa = PBXSourcesBuildPhase;
			buildActionMask = 2147483647;
			files = (
				756FA768273CF46500FA7A60 /* ImageDownsamplingExampleTests.swift in Sources */,
			);
			runOnlyForDeploymentPostprocessing = 0;
		};
		756FA769273CF46500FA7A60 /* Sources */ = {
			isa = PBXSourcesBuildPhase;
			buildActionMask = 2147483647;
			files = (
				756FA774273CF46500FA7A60 /* ImageDownsamplingExampleUITestsLaunchTests.swift in Sources */,
				756FA772273CF46500FA7A60 /* ImageDownsamplingExampleUITests.swift in Sources */,
			);
			runOnlyForDeploymentPostprocessing = 0;
		};
/* End PBXSourcesBuildPhase section */

/* Begin PBXTargetDependency section */
		756FA765273CF46500FA7A60 /* PBXTargetDependency */ = {
			isa = PBXTargetDependency;
			target = 756FA752273CF46200FA7A60 /* ImageDownsamplingExample */;
			targetProxy = 756FA764273CF46500FA7A60 /* PBXContainerItemProxy */;
		};
		756FA76F273CF46500FA7A60 /* PBXTargetDependency */ = {
			isa = PBXTargetDependency;
			target = 756FA752273CF46200FA7A60 /* ImageDownsamplingExample */;
			targetProxy = 756FA76E273CF46500FA7A60 /* PBXContainerItemProxy */;
		};
/* End PBXTargetDependency section */

/* Begin XCBuildConfiguration section */
		756FA775273CF46500FA7A60 /* Debug */ = {
			isa = XCBuildConfiguration;
			buildSettings = {
				ALWAYS_SEARCH_USER_PATHS = NO;
				CLANG_ANALYZER_NONNULL = YES;
				CLANG_ANALYZER_NUMBER_OBJECT_CONVERSION = YES_AGGRESSIVE;
				CLANG_CXX_LANGUAGE_STANDARD = "gnu++17";
				CLANG_CXX_LIBRARY = "libc++";
				CLANG_ENABLE_MODULES = YES;
				CLANG_ENABLE_OBJC_ARC = YES;
				CLANG_ENABLE_OBJC_WEAK = YES;
				CLANG_WARN_BLOCK_CAPTURE_AUTORELEASING = YES;
				CLANG_WARN_BOOL_CONVERSION = YES;
				CLANG_WARN_COMMA = YES;
				CLANG_WARN_CONSTANT_CONVERSION = YES;
				CLANG_WARN_DEPRECATED_OBJC_IMPLEMENTATIONS = YES;
				CLANG_WARN_DIRECT_OBJC_ISA_USAGE = YES_ERROR;
				CLANG_WARN_DOCUMENTATION_COMMENTS = YES;
				CLANG_WARN_EMPTY_BODY = YES;
				CLANG_WARN_ENUM_CONVERSION = YES;
				CLANG_WARN_INFINITE_RECURSION = YES;
				CLANG_WARN_INT_CONVERSION = YES;
				CLANG_WARN_NON_LITERAL_NULL_CONVERSION = YES;
				CLANG_WARN_OBJC_IMPLICIT_RETAIN_SELF = YES;
				CLANG_WARN_OBJC_LITERAL_CONVERSION = YES;
				CLANG_WARN_OBJC_ROOT_CLASS = YES_ERROR;
				CLANG_WARN_QUOTED_INCLUDE_IN_FRAMEWORK_HEADER = YES;
				CLANG_WARN_RANGE_LOOP_ANALYSIS = YES;
				CLANG_WARN_STRICT_PROTOTYPES = YES;
				CLANG_WARN_SUSPICIOUS_MOVE = YES;
				CLANG_WARN_UNGUARDED_AVAILABILITY = YES_AGGRESSIVE;
				CLANG_WARN_UNREACHABLE_CODE = YES;
				CLANG_WARN__DUPLICATE_METHOD_MATCH = YES;
				COPY_PHASE_STRIP = NO;
				DEBUG_INFORMATION_FORMAT = dwarf;
				ENABLE_STRICT_OBJC_MSGSEND = YES;
				ENABLE_TESTABILITY = YES;
				GCC_C_LANGUAGE_STANDARD = gnu11;
				GCC_DYNAMIC_NO_PIC = NO;
				GCC_NO_COMMON_BLOCKS = YES;
				GCC_OPTIMIZATION_LEVEL = 0;
				GCC_PREPROCESSOR_DEFINITIONS = (
					"DEBUG=1",
					"$(inherited)",
				);
				GCC_WARN_64_TO_32_BIT_CONVERSION = YES;
				GCC_WARN_ABOUT_RETURN_TYPE = YES_ERROR;
				GCC_WARN_UNDECLARED_SELECTOR = YES;
				GCC_WARN_UNINITIALIZED_AUTOS = YES_AGGRESSIVE;
				GCC_WARN_UNUSED_FUNCTION = YES;
				GCC_WARN_UNUSED_VARIABLE = YES;
				IPHONEOS_DEPLOYMENT_TARGET = 15.0;
				MTL_ENABLE_DEBUG_INFO = INCLUDE_SOURCE;
				MTL_FAST_MATH = YES;
				ONLY_ACTIVE_ARCH = YES;
				SDKROOT = iphoneos;
				SWIFT_ACTIVE_COMPILATION_CONDITIONS = DEBUG;
				SWIFT_OPTIMIZATION_LEVEL = "-Onone";
			};
			name = Debug;
		};
		756FA776273CF46500FA7A60 /* Release */ = {
			isa = XCBuildConfiguration;
			buildSettings = {
				ALWAYS_SEARCH_USER_PATHS = NO;
				CLANG_ANALYZER_NONNULL = YES;
				CLANG_ANALYZER_NUMBER_OBJECT_CONVERSION = YES_AGGRESSIVE;
				CLANG_CXX_LANGUAGE_STANDARD = "gnu++17";
				CLANG_CXX_LIBRARY = "libc++";
				CLANG_ENABLE_MODULES = YES;
				CLANG_ENABLE_OBJC_ARC = YES;
				CLANG_ENABLE_OBJC_WEAK = YES;
				CLANG_WARN_BLOCK_CAPTURE_AUTORELEASING = YES;
				CLANG_WARN_BOOL_CONVERSION = YES;
				CLANG_WARN_COMMA = YES;
				CLANG_WARN_CONSTANT_CONVERSION = YES;
				CLANG_WARN_DEPRECATED_OBJC_IMPLEMENTATIONS = YES;
				CLANG_WARN_DIRECT_OBJC_ISA_USAGE = YES_ERROR;
				CLANG_WARN_DOCUMENTATION_COMMENTS = YES;
				CLANG_WARN_EMPTY_BODY = YES;
				CLANG_WARN_ENUM_CONVERSION = YES;
				CLANG_WARN_INFINITE_RECURSION = YES;
				CLANG_WARN_INT_CONVERSION = YES;
				CLANG_WARN_NON_LITERAL_NULL_CONVERSION = YES;
				CLANG_WARN_OBJC_IMPLICIT_RETAIN_SELF = YES;
				CLANG_WARN_OBJC_LITERAL_CONVERSION = YES;
				CLANG_WARN_OBJC_ROOT_CLASS = YES_ERROR;
				CLANG_WARN_QUOTED_INCLUDE_IN_FRAMEWORK_HEADER = YES;
				CLANG_WARN_RANGE_LOOP_ANALYSIS = YES;
				CLANG_WARN_STRICT_PROTOTYPES = YES;
				CLANG_WARN_SUSPICIOUS_MOVE = YES;
				CLANG_WARN_UNGUARDED_AVAILABILITY = YES_AGGRESSIVE;
				CLANG_WARN_UNREACHABLE_CODE = YES;
				CLANG_WARN__DUPLICATE_METHOD_MATCH = YES;
				COPY_PHASE_STRIP = NO;
				DEBUG_INFORMATION_FORMAT = "dwarf-with-dsym";
				ENABLE_NS_ASSERTIONS = NO;
				ENABLE_STRICT_OBJC_MSGSEND = YES;
				GCC_C_LANGUAGE_STANDARD = gnu11;
				GCC_NO_COMMON_BLOCKS = YES;
				GCC_WARN_64_TO_32_BIT_CONVERSION = YES;
				GCC_WARN_ABOUT_RETURN_TYPE = YES_ERROR;
				GCC_WARN_UNDECLARED_SELECTOR = YES;
				GCC_WARN_UNINITIALIZED_AUTOS = YES_AGGRESSIVE;
				GCC_WARN_UNUSED_FUNCTION = YES;
				GCC_WARN_UNUSED_VARIABLE = YES;
				IPHONEOS_DEPLOYMENT_TARGET = 15.0;
				MTL_ENABLE_DEBUG_INFO = NO;
				MTL_FAST_MATH = YES;
				SDKROOT = iphoneos;
				SWIFT_COMPILATION_MODE = wholemodule;
				SWIFT_OPTIMIZATION_LEVEL = "-O";
				VALIDATE_PRODUCT = YES;
			};
			name = Release;
		};
		756FA778273CF46500FA7A60 /* Debug */ = {
			isa = XCBuildConfiguration;
			buildSettings = {
				ASSETCATALOG_COMPILER_APPICON_NAME = AppIcon;
				ASSETCATALOG_COMPILER_GLOBAL_ACCENT_COLOR_NAME = AccentColor;
				CODE_SIGN_STYLE = Automatic;
				CURRENT_PROJECT_VERSION = 1;
				DEVELOPMENT_ASSET_PATHS = "\"ImageDownsamplingExample/Preview Content\"";
				ENABLE_PREVIEWS = YES;
				GENERATE_INFOPLIST_FILE = YES;
				INFOPLIST_KEY_UIApplicationSceneManifest_Generation = YES;
				INFOPLIST_KEY_UIApplicationSupportsIndirectInputEvents = YES;
				INFOPLIST_KEY_UILaunchScreen_Generation = YES;
				INFOPLIST_KEY_UISupportedInterfaceOrientations_iPad = "UIInterfaceOrientationPortrait UIInterfaceOrientationPortraitUpsideDown UIInterfaceOrientationLandscapeLeft UIInterfaceOrientationLandscapeRight";
				INFOPLIST_KEY_UISupportedInterfaceOrientations_iPhone = "UIInterfaceOrientationPortrait UIInterfaceOrientationLandscapeLeft UIInterfaceOrientationLandscapeRight";
				LD_RUNPATH_SEARCH_PATHS = (
					"$(inherited)",
					"@executable_path/Frameworks",
				);
				MARKETING_VERSION = 1.0;
				PRODUCT_BUNDLE_IDENTIFIER = com.winston.ImageDownsamplingExample;
				PRODUCT_NAME = "$(TARGET_NAME)";
				SWIFT_EMIT_LOC_STRINGS = YES;
				SWIFT_VERSION = 5.0;
				TARGETED_DEVICE_FAMILY = "1,2";
			};
			name = Debug;
		};
		756FA779273CF46500FA7A60 /* Release */ = {
			isa = XCBuildConfiguration;
			buildSettings = {
				ASSETCATALOG_COMPILER_APPICON_NAME = AppIcon;
				ASSETCATALOG_COMPILER_GLOBAL_ACCENT_COLOR_NAME = AccentColor;
				CODE_SIGN_STYLE = Automatic;
				CURRENT_PROJECT_VERSION = 1;
				DEVELOPMENT_ASSET_PATHS = "\"ImageDownsamplingExample/Preview Content\"";
				ENABLE_PREVIEWS = YES;
				GENERATE_INFOPLIST_FILE = YES;
				INFOPLIST_KEY_UIApplicationSceneManifest_Generation = YES;
				INFOPLIST_KEY_UIApplicationSupportsIndirectInputEvents = YES;
				INFOPLIST_KEY_UILaunchScreen_Generation = YES;
				INFOPLIST_KEY_UISupportedInterfaceOrientations_iPad = "UIInterfaceOrientationPortrait UIInterfaceOrientationPortraitUpsideDown UIInterfaceOrientationLandscapeLeft UIInterfaceOrientationLandscapeRight";
				INFOPLIST_KEY_UISupportedInterfaceOrientations_iPhone = "UIInterfaceOrientationPortrait UIInterfaceOrientationLandscapeLeft UIInterfaceOrientationLandscapeRight";
				LD_RUNPATH_SEARCH_PATHS = (
					"$(inherited)",
					"@executable_path/Frameworks",
				);
				MARKETING_VERSION = 1.0;
				PRODUCT_BUNDLE_IDENTIFIER = com.winston.ImageDownsamplingExample;
				PRODUCT_NAME = "$(TARGET_NAME)";
				SWIFT_EMIT_LOC_STRINGS = YES;
				SWIFT_VERSION = 5.0;
				TARGETED_DEVICE_FAMILY = "1,2";
			};
			name = Release;
		};
		756FA77B273CF46500FA7A60 /* Debug */ = {
			isa = XCBuildConfiguration;
			buildSettings = {
				ALWAYS_EMBED_SWIFT_STANDARD_LIBRARIES = YES;
				BUNDLE_LOADER = "$(TEST_HOST)";
				CODE_SIGN_STYLE = Automatic;
				CURRENT_PROJECT_VERSION = 1;
				GENERATE_INFOPLIST_FILE = YES;
				IPHONEOS_DEPLOYMENT_TARGET = 15.0;
				LD_RUNPATH_SEARCH_PATHS = (
					"$(inherited)",
					"@executable_path/Frameworks",
					"@loader_path/Frameworks",
				);
				MARKETING_VERSION = 1.0;
				PRODUCT_BUNDLE_IDENTIFIER = com.winston.ImageDownsamplingExampleTests;
				PRODUCT_NAME = "$(TARGET_NAME)";
				SWIFT_EMIT_LOC_STRINGS = NO;
				SWIFT_VERSION = 5.0;
				TARGETED_DEVICE_FAMILY = "1,2";
				TEST_HOST = "$(BUILT_PRODUCTS_DIR)/ImageDownsamplingExample.app/ImageDownsamplingExample";
			};
			name = Debug;
		};
		756FA77C273CF46500FA7A60 /* Release */ = {
			isa = XCBuildConfiguration;
			buildSettings = {
				ALWAYS_EMBED_SWIFT_STANDARD_LIBRARIES = YES;
				BUNDLE_LOADER = "$(TEST_HOST)";
				CODE_SIGN_STYLE = Automatic;
				CURRENT_PROJECT_VERSION = 1;
				GENERATE_INFOPLIST_FILE = YES;
				IPHONEOS_DEPLOYMENT_TARGET = 15.0;
				LD_RUNPATH_SEARCH_PATHS = (
					"$(inherited)",
					"@executable_path/Frameworks",
					"@loader_path/Frameworks",
				);
				MARKETING_VERSION = 1.0;
				PRODUCT_BUNDLE_IDENTIFIER = com.winston.ImageDownsamplingExampleTests;
				PRODUCT_NAME = "$(TARGET_NAME)";
				SWIFT_EMIT_LOC_STRINGS = NO;
				SWIFT_VERSION = 5.0;
				TARGETED_DEVICE_FAMILY = "1,2";
				TEST_HOST = "$(BUILT_PRODUCTS_DIR)/ImageDownsamplingExample.app/ImageDownsamplingExample";
			};
			name = Release;
		};
		756FA77E273CF46500FA7A60 /* Debug */ = {
			isa = XCBuildConfiguration;
			buildSettings = {
				ALWAYS_EMBED_SWIFT_STANDARD_LIBRARIES = YES;
				CODE_SIGN_STYLE = Automatic;
				CURRENT_PROJECT_VERSION = 1;
				GENERATE_INFOPLIST_FILE = YES;
				LD_RUNPATH_SEARCH_PATHS = (
					"$(inherited)",
					"@executable_path/Frameworks",
					"@loader_path/Frameworks",
				);
				MARKETING_VERSION = 1.0;
				PRODUCT_BUNDLE_IDENTIFIER = com.winston.ImageDownsamplingExampleUITests;
				PRODUCT_NAME = "$(TARGET_NAME)";
				SWIFT_EMIT_LOC_STRINGS = NO;
				SWIFT_VERSION = 5.0;
				TARGETED_DEVICE_FAMILY = "1,2";
				TEST_TARGET_NAME = ImageDownsamplingExample;
			};
			name = Debug;
		};
		756FA77F273CF46500FA7A60 /* Release */ = {
			isa = XCBuildConfiguration;
			buildSettings = {
				ALWAYS_EMBED_SWIFT_STANDARD_LIBRARIES = YES;
				CODE_SIGN_STYLE = Automatic;
				CURRENT_PROJECT_VERSION = 1;
				GENERATE_INFOPLIST_FILE = YES;
				LD_RUNPATH_SEARCH_PATHS = (
					"$(inherited)",
					"@executable_path/Frameworks",
					"@loader_path/Frameworks",
				);
				MARKETING_VERSION = 1.0;
				PRODUCT_BUNDLE_IDENTIFIER = com.winston.ImageDownsamplingExampleUITests;
				PRODUCT_NAME = "$(TARGET_NAME)";
				SWIFT_EMIT_LOC_STRINGS = NO;
				SWIFT_VERSION = 5.0;
				TARGETED_DEVICE_FAMILY = "1,2";
				TEST_TARGET_NAME = ImageDownsamplingExample;
			};
			name = Release;
		};
/* End XCBuildConfiguration section */

/* Begin XCConfigurationList section */
		756FA74E273CF46200FA7A60 /* Build configuration list for PBXProject "ImageDownsamplingExample" */ = {
			isa = XCConfigurationList;
			buildConfigurations = (
				756FA775273CF46500FA7A60 /* Debug */,
				756FA776273CF46500FA7A60 /* Release */,
			);
			defaultConfigurationIsVisible = 0;
			defaultConfigurationName = Release;
		};
		756FA777273CF46500FA7A60 /* Build configuration list for PBXNativeTarget "ImageDownsamplingExample" */ = {
			isa = XCConfigurationList;
			buildConfigurations = (
				756FA778273CF46500FA7A60 /* Debug */,
				756FA779273CF46500FA7A60 /* Release */,
			);
			defaultConfigurationIsVisible = 0;
			defaultConfigurationName = Release;
		};
		756FA77A273CF46500FA7A60 /* Build configuration list for PBXNativeTarget "ImageDownsamplingExampleTests" */ = {
			isa = XCConfigurationList;
			buildConfigurations = (
				756FA77B273CF46500FA7A60 /* Debug */,
				756FA77C273CF46500FA7A60 /* Release */,
			);
			defaultConfigurationIsVisible = 0;
			defaultConfigurationName = Release;
		};
		756FA77D273CF46500FA7A60 /* Build configuration list for PBXNativeTarget "ImageDownsamplingExampleUITests" */ = {
			isa = XCConfigurationList;
			buildConfigurations = (
				756FA77E273CF46500FA7A60 /* Debug */,
				756FA77F273CF46500FA7A60 /* Release */,
			);
			defaultConfigurationIsVisible = 0;
			defaultConfigurationName = Release;
		};
/* End XCConfigurationList section */
	};
	rootObject = 756FA74B273CF46200FA7A60 /* Project object */;
}
